{
  "nodes": {
    "bacon": {
      "inputs": {
        "flake-utils": "flake-utils",
        "naersk": "naersk",
        "nixpkgs": "nixpkgs_2"
      },
      "locked": {
        "lastModified": 1742449378,
        "narHash": "sha256-dShU+ga4koj6w2ZUJLRDCGVSQji+W1mWJWgM+5HwJHk=",
        "owner": "Canop",
        "repo": "bacon",
        "rev": "f6c949bd41b6840fd92ff426894543cd00fe3167",
        "type": "github"
      },
      "original": {
        "owner": "Canop",
        "repo": "bacon",
        "type": "github"
      }
    },
    "bacon-ls": {
      "inputs": {
        "flake-utils": "flake-utils_2",
        "naersk": "naersk_2",
        "nixpkgs": "nixpkgs_4"
      },
      "locked": {
        "lastModified": 1743497727,
        "narHash": "sha256-5Z07oaZIL1yLy3zqz/TBQrrbxRKaAlFP3h5NP57Lm6E=",
        "owner": "crisidev",
        "repo": "bacon-ls",
        "rev": "1257583ea71ce41457f250c32686e698fb7a4368",
        "type": "github"
      },
      "original": {
        "owner": "crisidev",
        "repo": "bacon-ls",
        "type": "github"
      }
    },
    "flake-utils": {
      "inputs": {
        "systems": "systems"
      },
      "locked": {
        "lastModified": 1731533236,
        "narHash": "sha256-l0KFg5HjrsfsO/JpG+r7fRrqm12kzFHyUHqHCVpMMbI=",
        "owner": "numtide",
        "repo": "flake-utils",
        "rev": "11707dc2f618dd54ca8739b309ec4fc024de578b",
        "type": "github"
      },
      "original": {
        "owner": "numtide",
        "repo": "flake-utils",
        "type": "github"
      }
    },
    "flake-utils_2": {
      "inputs": {
        "systems": "systems_2"
      },
      "locked": {
        "lastModified": 1731533236,
        "narHash": "sha256-l0KFg5HjrsfsO/JpG+r7fRrqm12kzFHyUHqHCVpMMbI=",
        "owner": "numtide",
        "repo": "flake-utils",
        "rev": "11707dc2f618dd54ca8739b309ec4fc024de578b",
        "type": "github"
      },
      "original": {
        "owner": "numtide",
        "repo": "flake-utils",
        "type": "github"
      }
    },
    "flake-utils_3": {
      "locked": {
        "lastModified": 1659877975,
        "narHash": "sha256-zllb8aq3YO3h8B/U0/J1WBgAL8EX5yWf5pMj3G0NAmc=",
        "owner": "numtide",
        "repo": "flake-utils",
        "rev": "c0e246b9b83f637f4681389ecabcb2681b4f3af0",
        "type": "github"
      },
      "original": {
        "owner": "numtide",
        "repo": "flake-utils",
        "type": "github"
      }
    },
    "flake-utils_4": {
      "inputs": {
        "systems": "systems_3"
      },
      "locked": {
        "lastModified": 1681202837,
        "narHash": "sha256-H+Rh19JDwRtpVPAWp64F+rlEtxUWBAQW28eAi3SRSzg=",
        "owner": "numtide",
        "repo": "flake-utils",
        "rev": "cfacdce06f30d2b68473a46042957675eebb3401",
        "type": "github"
      },
      "original": {
        "owner": "numtide",
        "repo": "flake-utils",
        "type": "github"
      }
    },
    "home-manager": {
      "inputs": {
        "nixpkgs": [
          "nixpkgs"
        ]
      },
      "locked": {
        "lastModified": 1743527271,
        "narHash": "sha256-EuanEW1qqXZ2h0zJnq7uz8BoHbsgHgUrqWkCZHwZ9FA=",
        "owner": "nix-community",
        "repo": "home-manager",
        "rev": "f4d9d1e2ad19d544a0a0cf3f8f371c6139c762e9",
        "type": "github"
      },
      "original": {
        "owner": "nix-community",
        "repo": "home-manager",
        "type": "github"
      }
    },
    "naersk": {
      "inputs": {
        "nixpkgs": "nixpkgs"
      },
      "locked": {
        "lastModified": 1736429655,
        "narHash": "sha256-BwMekRuVlSB9C0QgwKMICiJ5EVbLGjfe4qyueyNQyGI=",
        "owner": "nix-community",
        "repo": "naersk",
        "rev": "0621e47bd95542b8e1ce2ee2d65d6a1f887a13ce",
        "type": "github"
      },
      "original": {
        "owner": "nix-community",
        "repo": "naersk",
        "type": "github"
      }
    },
    "naersk_2": {
      "inputs": {
        "nixpkgs": "nixpkgs_3"
      },
      "locked": {
        "lastModified": 1742901344,
        "narHash": "sha256-o9dXcpfXpBm6+/SRqcQW0GzRkJymwyEAu5UD5LMDd3s=",
        "owner": "nix-community",
        "repo": "naersk",
        "rev": "a75c0584b0d69de943babc899530e9c70c642b42",
        "type": "github"
      },
      "original": {
        "owner": "nix-community",
        "repo": "naersk",
        "type": "github"
      }
    },
    "nixgl": {
      "inputs": {
        "flake-utils": "flake-utils_3",
        "nixpkgs": [
          "nixpkgs"
        ]
      },
      "locked": {
        "lastModified": 1713543440,
        "narHash": "sha256-lnzZQYG0+EXl/6NkGpyIz+FEOc/DSEG57AP1VsdeNrM=",
        "owner": "nix-community",
        "repo": "nixGL",
        "rev": "310f8e49a149e4c9ea52f1adf70cdc768ec53f8a",
        "type": "github"
      },
      "original": {
        "owner": "nix-community",
        "repo": "nixGL",
        "type": "github"
      }
    },
    "nixpkgs": {
      "locked": {
        "lastModified": 1736320768,
        "narHash": "sha256-nIYdTAiKIGnFNugbomgBJR+Xv5F1ZQU+HfaBqJKroC0=",
        "owner": "NixOS",
        "repo": "nixpkgs",
        "rev": "4bc9c909d9ac828a039f288cf872d16d38185db8",
        "type": "github"
      },
      "original": {
        "id": "nixpkgs",
        "type": "indirect"
      }
    },
    "nixpkgs-stable": {
      "locked": {
        "lastModified": 1743367904,
        "narHash": "sha256-sOos1jZGKmT6xxPvxGQyPTApOunXvScV4lNjBCXd/CI=",
        "owner": "nixos",
        "repo": "nixpkgs",
        "rev": "7ffe0edc685f14b8c635e3d6591b0bbb97365e6c",
        "type": "github"
      },
      "original": {
        "owner": "nixos",
        "ref": "nixos-24.11",
        "repo": "nixpkgs",
        "type": "github"
      }
    },
    "nixpkgs_2": {
      "locked": {
        "lastModified": 1736320768,
        "narHash": "sha256-nIYdTAiKIGnFNugbomgBJR+Xv5F1ZQU+HfaBqJKroC0=",
        "owner": "NixOS",
        "repo": "nixpkgs",
        "rev": "4bc9c909d9ac828a039f288cf872d16d38185db8",
        "type": "github"
      },
      "original": {
        "owner": "NixOS",
        "ref": "nixpkgs-unstable",
        "repo": "nixpkgs",
        "type": "github"
      }
    },
    "nixpkgs_3": {
      "locked": {
        "lastModified": 1742800061,
        "narHash": "sha256-oDJGK1UMArK52vcW9S5S2apeec4rbfNELgc50LqiPNs=",
        "owner": "NixOS",
        "repo": "nixpkgs",
        "rev": "1750f3c1c89488e2ffdd47cab9d05454dddfb734",
        "type": "github"
      },
      "original": {
        "id": "nixpkgs",
        "type": "indirect"
      }
    },
    "nixpkgs_4": {
      "locked": {
        "lastModified": 1742800061,
        "narHash": "sha256-oDJGK1UMArK52vcW9S5S2apeec4rbfNELgc50LqiPNs=",
        "owner": "NixOS",
        "repo": "nixpkgs",
        "rev": "1750f3c1c89488e2ffdd47cab9d05454dddfb734",
        "type": "github"
      },
      "original": {
        "owner": "NixOS",
        "ref": "nixpkgs-unstable",
        "repo": "nixpkgs",
        "type": "github"
      }
    },
    "nixpkgs_5": {
      "locked": {
        "lastModified": 1743472173,
        "narHash": "sha256-xwNv3FYTC5pl4QVZ79gUxqCEvqKzcKdXycpH5UbYscw=",
        "owner": "nixos",
        "repo": "nixpkgs",
        "rev": "88e992074d86ad50249de12b7fb8dbaadf8dc0c5",
        "type": "github"
      },
      "original": {
        "owner": "nixos",
        "ref": "nixpkgs-unstable",
        "repo": "nixpkgs",
        "type": "github"
      }
    },
    "nixpkgs_6": {
      "locked": {
        "lastModified": 1707689078,
        "narHash": "sha256-UUGmRa84ZJHpGZ1WZEBEUOzaPOWG8LZ0yPg1pdDF/yM=",
        "owner": "NixOS",
        "repo": "nixpkgs",
        "rev": "f9d39fb9aff0efee4a3d5f4a6d7c17701d38a1d8",
        "type": "github"
      },
      "original": {
        "owner": "NixOS",
        "ref": "nixos-unstable",
        "repo": "nixpkgs",
        "type": "github"
      }
    },
    "root": {
      "inputs": {
        "bacon": "bacon",
        "bacon-ls": "bacon-ls",
        "home-manager": "home-manager",
        "nixgl": "nixgl",
        "nixpkgs": "nixpkgs_5",
        "nixpkgs-stable": "nixpkgs-stable",
        "tokio-console": "tokio-console"
      }
    },
    "rust-overlay": {
      "inputs": {
        "flake-utils": [
          "tokio-console",
          "flake-utils"
        ],
        "nixpkgs": [
          "tokio-console",
          "nixpkgs"
        ]
      },
      "locked": {
        "lastModified": 1707790272,
        "narHash": "sha256-KQXPNl3BLdRbz7xx+mwIq/017fxLRk6JhXHxVWCKsTU=",
        "owner": "oxalica",
        "repo": "rust-overlay",
        "rev": "8dfbe2dffc28c1a18a29ffa34d5d0b269622b158",
        "type": "github"
      },
      "original": {
        "owner": "oxalica",
        "repo": "rust-overlay",
        "type": "github"
      }
    },
    "systems": {
      "locked": {
        "lastModified": 1681028828,
        "narHash": "sha256-Vy1rq5AaRuLzOxct8nz4T6wlgyUR7zLU309k9mBC768=",
        "owner": "nix-systems",
        "repo": "default",
        "rev": "da67096a3b9bf56a91d16901293e51ba5b49a27e",
        "type": "github"
      },
      "original": {
        "owner": "nix-systems",
        "repo": "default",
        "type": "github"
      }
    },
    "systems_2": {
      "locked": {
        "lastModified": 1681028828,
        "narHash": "sha256-Vy1rq5AaRuLzOxct8nz4T6wlgyUR7zLU309k9mBC768=",
        "owner": "nix-systems",
        "repo": "default",
        "rev": "da67096a3b9bf56a91d16901293e51ba5b49a27e",
        "type": "github"
      },
      "original": {
        "owner": "nix-systems",
        "repo": "default",
        "type": "github"
      }
    },
    "systems_3": {
      "locked": {
        "lastModified": 1681028828,
        "narHash": "sha256-Vy1rq5AaRuLzOxct8nz4T6wlgyUR7zLU309k9mBC768=",
        "owner": "nix-systems",
        "repo": "default",
        "rev": "da67096a3b9bf56a91d16901293e51ba5b49a27e",
        "type": "github"
      },
      "original": {
        "owner": "nix-systems",
        "repo": "default",
        "type": "github"
      }
    },
    "tokio-console": {
      "inputs": {
        "flake-utils": "flake-utils_4",
        "nixpkgs": "nixpkgs_6",
        "rust-overlay": "rust-overlay"
      },
      "locked": {
        "lastModified": 1743494320,
        "narHash": "sha256-m/Epz2WOsCKBB/td0HI+MMLkhLQA9nrk8zlmdKG3SVk=",
        "owner": "tokio-rs",
        "repo": "console",
        "rev": "2bd1afda7987dea0505d231d9ce8bf109e5f7a96",
        "type": "github"
      },
      "original": {
        "owner": "tokio-rs",
        "repo": "console",
        "type": "github"
      }
    }
  },
  "root": "root",
  "version": 7
}
